{
  "name": "bybens-nutrition",
  "version": "1.0.0",
  "lockfileVersion": 3,
  "requires": true,
  "packages": {
    "": {
      "name": "bybens-nutrition",
      "version": "1.0.0",
      "devDependencies": {
        "supabase": "^2.109.0-beta.7"
      },
      "engines": {
        "node": ">=18"
      }
    },
    "node_modules/@supabase/cli-darwin-arm64": {
      "version": "2.109.0-beta.7",
      "resolved": "https://registry.npmjs.org/@supabase/cli-darwin-arm64/-/cli-darwin-arm64-2.109.0-beta.7.tgz",
      "integrity": "sha512-+J7Q8C4qNsHrvIQ8HEWbqtRxTB98Y6PgYm9v2HYI9KAyC9e4qW59v50KJxknfddfW5R0grWFntUlB5Q2ZcKjzQ==",
      "cpu": [
        "arm64"
      ],
      "dev": true,
      "license": "MIT",
      "optional": true,
      "os": [
        "darwin"
      ]
    },
    "node_modules/@supabase/cli-darwin-x64": {
      "version": "2.109.0-beta.7",
      "resolved": "https://registry.npmjs.org/@supabase/cli-darwin-x64/-/cli-darwin-x64-2.109.0-beta.7.tgz",
      "integrity": "sha512-1HV7XyuDV9T+9gbp32u8zab6uO0VDbGAxtiHuSabkQAqomnZkU9uc+BQemQBNIJKvxkMiGQsli/bRaTnVzN9hA==",
      "cpu": [
        "x64"
      ],
      "dev": true,
      "license": "MIT",
      "optional": true,
      "os": [
        "darwin"
      ]
    },
    "node_modules/@supabase/cli-linux-arm64": {
      "version": "2.109.0-beta.7",
      "resolved": "https://registry.npmjs.org/@supabase/cli-linux-arm64/-/cli-linux-arm64-2.109.0-beta.7.tgz",
      "integrity": "sha512-3vifuAALTB1oEu+VND79N4D0lklfl0g3twHslJDxgYsG5ORBT9GMSeFl9U1JJaHVIXC9N9DfN2aAqMTMWi+Ncg==",
      "cpu": [
        "arm64"
      ],
      "dev": true,
      "license": "MIT",
      "optional": true,
      "os": [
        "linux"
      ]
    },
    "node_modules/@supabase/cli-linux-arm64-musl": {
      "version": "2.109.0-beta.7",
      "resolved": "https://registry.npmjs.org/@supabase/cli-linux-arm64-musl/-/cli-linux-arm64-musl-2.109.0-beta.7.tgz",
      "integrity": "sha512-jf82HO4E5wT31HEwFzLPK6e525R28H2kICrlChE+iwb69nOyCm0z7H9ZS2PRrBVo/r2xHxVjx/1g2IqeFCtpUg==",
      "cpu": [
        "arm64"
      ],
      "dev": true,
      "license": "MIT",
      "optional": true,
      "os": [
        "linux"
      ]
    },
    "node_modules/@supabase/cli-linux-x64": {
      "version": "2.109.0-beta.7",
      "resolved": "https://registry.npmjs.org/@supabase/cli-linux-x64/-/cli-linux-x64-2.109.0-beta.7.tgz",
      "integrity": "sha512-j0D21EjSBhREsOWz6N9KRz8Q6e7YM2A9ZqOEsp7WywP3CBd91Y0Fm9r/00J7kaj5kWSGEWLNA3Z1K51v2P7NAQ==",
      "cpu": [
        "x64"
      ],
      "dev": true,
      "license": "MIT",
      "optional": true,
      "os": [
        "linux"
      ]
    },
    "node_modules/@supabase/cli-linux-x64-musl": {
      "version": "2.109.0-beta.7",
      "resolved": "https://registry.npmjs.org/@supabase/cli-linux-x64-musl/-/cli-linux-x64-musl-2.109.0-beta.7.tgz",
      "integrity": "sha512-vsfetVgMfaFWaeY0bETc7ySl9O/jQ90O6lP0Mlv540LmRvyDyhnCFi7KDOM9uyj5I1FXtlGf2aeQB7Tt2XXmPw==",
      "cpu": [
        "x64"
      ],
      "dev": true,
      "license": "MIT",
      "optional": true,
      "os": [
        "linux"
      ]
    },
    "node_modules/@supabase/cli-windows-arm64": {
      "version": "2.109.0-beta.7",
      "resolved": "https://registry.npmjs.org/@supabase/cli-windows-arm64/-/cli-windows-arm64-2.109.0-beta.7.tgz",
      "integrity": "sha512-xCBlizQnRqAyxt4/Y5wM27Cne25IDbRz1si9uNaPwHhysSJwuKTmrH8h+er3ANXPn1aM4Mw6BRBlc4MNRDfYxQ==",
      "cpu": [
        "arm64"
      ],
      "dev": true,
      "license": "MIT",
      "optional": true,
      "os": [
        "win32"
      ]
    },
    "node_modules/@supabase/cli-windows-x64": {
      "version": "2.109.0-beta.7",
      "resolved": "https://registry.npmjs.org/@supabase/cli-windows-x64/-/cli-windows-x64-2.109.0-beta.7.tgz",
      "integrity": "sha512-nnDSojBGfCo/BSa00qPSMr3XFzE7iNmHBzpi9wzpBqDFiR997jqHybwo526Gh9w5EbaLb+J58GD35atAH5B0GQ==",
      "cpu": [
        "x64"
      ],
      "dev": true,
      "license": "MIT",
      "optional": true,
      "os": [
        "win32"
      ]
    },
    "node_modules/jose": {
      "version": "6.2.3",
      "resolved": "https://registry.npmjs.org/jose/-/jose-6.2.3.tgz",
      "integrity": "sha512-YYVDInQKFJfR/xa3ojUTl8c2KoTwiL1R5Wg9YCydwH0x0B9grbzlg5HC7mMjCtUJjbQ/YnGEZIhI5tCgfTb4Hw==",
      "dev": true,
      "license": "MIT",
      "funding": {
        "url": "https://github.com/sponsors/panva"
      }
    },
    "node_modules/supabase": {
      "version": "2.109.0-beta.7",
      "resolved": "https://registry.npmjs.org/supabase/-/supabase-2.109.0-beta.7.tgz",
      "integrity": "sha512-g+iBa/urGA7LhPFzim4OfzssdAvcbRlqZ6kI6GykDKDYGjNqqtlOSEl43HXISWNhVoFn5GwvGHA7q1T3bt3kiA==",
      "dev": true,
      "license": "MIT",
      "dependencies": {
        "jose": "^6.2.3"
      },
      "bin": {
        "supabase": "dist/supabase.js"
      },
      "optionalDependencies": {
        "@supabase/cli-darwin-arm64": "2.109.0-beta.7",
        "@supabase/cli-darwin-x64": "2.109.0-beta.7",
        "@supabase/cli-linux-arm64": "2.109.0-beta.7",
        "@supabase/cli-linux-arm64-musl": "2.109.0-beta.7",
        "@supabase/cli-linux-x64": "2.109.0-beta.7",
        "@supabase/cli-linux-x64-musl": "2.109.0-beta.7",
        "@supabase/cli-windows-arm64": "2.109.0-beta.7",
        "@supabase/cli-windows-x64": "2.109.0-beta.7"
      }
    }
  }
}
